Microsoft Visual Studio Solution File, Format Version 12.00
# Visual Studio 2012
Project("{FAE04EC0-301F-11D3-BF4B-00C04F79EFBC}") = "binding_of_isaac_clone", "binding_of_isaac_clone.csproj", "{02C75565-217A-4111-9098-1064AC4BA05D}"
EndProject
Global
	GlobalSection(SolutionConfigurationPlatforms) = preSolution
	Debug|Any CPU = Debug|Any CPU
	ExportDebug|Any CPU = ExportDebug|Any CPU
	ExportRelease|Any CPU = ExportRelease|Any CPU
	EndGlobalSection
	GlobalSection(ProjectConfigurationPlatforms) = postSolution
		{02C75565-217A-4111-9098-1064AC4BA05D}.Debug|Any CPU.ActiveCfg = Debug|Any CPU
		{02C75565-217A-4111-9098-1064AC4BA05D}.Debug|Any CPU.Build.0 = Debug|Any CPU
		{02C75565-217A-4111-9098-1064AC4BA05D}.ExportDebug|Any CPU.ActiveCfg = ExportDebug|Any CPU
		{02C75565-217A-4111-9098-1064AC4BA05D}.ExportDebug|Any CPU.Build.0 = ExportDebug|Any CPU
		{02C75565-217A-4111-9098-1064AC4BA05D}.ExportRelease|Any CPU.ActiveCfg = ExportRelease|Any CPU
		{02C75565-217A-4111-9098-1064AC4BA05D}.ExportRelease|Any CPU.Build.0 = ExportRelease|Any CPU
	EndGlobalSection
EndGlobal
